
Microsoft Visual Studio Solution File, Format Version 12.00
# Visual Studio 15
VisualStudioVersion = 15.0.28307.1209
MinimumVisualStudioVersion = 10.0.40219.1
Project("{9A19103F-16F7-4668-BE54-9A1E7A4F7556}") = "RareDiseasesSystem", "RareDiseasesSystem\RareDiseasesSystem.csproj", "{FFF9CB0C-C099-4D8A-9D71-4705DBDF8CB4}"
EndProject
Project("{9A19103F-16F7-4668-BE54-9A1E7A4F7556}") = "RareDisease.Data", "RareDisease.Data\RareDisease.Data.csproj", "{8956FA3B-012B-4B97-BF1B-435781DE6935}"
EndProject
Project("{FAE04EC0-301F-11D3-BF4B-00C04F79EFBC}") = "HZW.Localization", "HZW.Localization\HZW.Localization.csproj", "{74F1E9A1-1130-4CF0-AB1A-46712BE9D1C9}"
EndProject
Global
	GlobalSection(SolutionConfigurationPlatforms) = preSolution
		Debug|Any CPU = Debug|Any CPU
		Release|Any CPU = Release|Any CPU
	EndGlobalSection
	GlobalSection(ProjectConfigurationPlatforms) = postSolution
		{FFF9CB0C-C099-4D8A-9D71-4705DBDF8CB4}.Debug|Any CPU.ActiveCfg = Debug|Any CPU
		{FFF9CB0C-C099-4D8A-9D71-4705DBDF8CB4}.Debug|Any CPU.Build.0 = Debug|Any CPU
		{FFF9CB0C-C099-4D8A-9D71-4705DBDF8CB4}.Release|Any CPU.ActiveCfg = Release|Any CPU
		{FFF9CB0C-C099-4D8A-9D71-4705DBDF8CB4}.Release|Any CPU.Build.0 = Release|Any CPU
		{8956FA3B-012B-4B97-BF1B-435781DE6935}.Debug|Any CPU.ActiveCfg = Debug|Any CPU
		{8956FA3B-012B-4B97-BF1B-435781DE6935}.Debug|Any CPU.Build.0 = Debug|Any CPU
		{8956FA3B-012B-4B97-BF1B-435781DE6935}.Release|Any CPU.ActiveCfg = Release|Any CPU
		{8956FA3B-012B-4B97-BF1B-435781DE6935}.Release|Any CPU.Build.0 = Release|Any CPU
		{74F1E9A1-1130-4CF0-AB1A-46712BE9D1C9}.Debug|Any CPU.ActiveCfg = Debug|Any CPU
		{74F1E9A1-1130-4CF0-AB1A-46712BE9D1C9}.Debug|Any CPU.Build.0 = Debug|Any CPU
		{74F1E9A1-1130-4CF0-AB1A-46712BE9D1C9}.Release|Any CPU.ActiveCfg = Release|Any CPU
		{74F1E9A1-1130-4CF0-AB1A-46712BE9D1C9}.Release|Any CPU.Build.0 = Release|Any CPU
	EndGlobalSection
	GlobalSection(SolutionProperties) = preSolution
		HideSolutionNode = FALSE
	EndGlobalSection
	GlobalSection(ExtensibilityGlobals) = postSolution
		SolutionGuid = {331BCDB5-0C33-42DD-984F-535C9222BBB8}
	EndGlobalSection
EndGlobal
